
Microsoft Visual Studio Solution File, Format Version 12.00
# Visual Studio Version 16
VisualStudioVersion = 16.0.30611.23
MinimumVisualStudioVersion = 10.0.40219.1
Project("{9A19103F-16F7-4668-BE54-9A1E7A4F7556}") = "SportsStore", "SportsStore.csproj", "{2A12D565-6BF3-4922-AD4F-6DF3B280E03B}"
EndProject
Global
	GlobalSection(SolutionConfigurationPlatforms) = preSolution
		Debug|Any CPU = Debug|Any CPU
		Release|Any CPU = Release|Any CPU
	EndGlobalSection
	GlobalSection(ProjectConfigurationPlatforms) = postSolution
		{2A12D565-6BF3-4922-AD4F-6DF3B280E03B}.Debug|Any CPU.ActiveCfg = Debug|Any CPU
		{2A12D565-6BF3-4922-AD4F-6DF3B280E03B}.Debug|Any CPU.Build.0 = Debug|Any CPU
		{2A12D565-6BF3-4922-AD4F-6DF3B280E03B}.Release|Any CPU.ActiveCfg = Release|Any CPU
		{2A12D565-6BF3-4922-AD4F-6DF3B280E03B}.Release|Any CPU.Build.0 = Release|Any CPU
	EndGlobalSection
	GlobalSection(SolutionProperties) = preSolution
		HideSolutionNode = FALSE
	EndGlobalSection
	GlobalSection(ExtensibilityGlobals) = postSolution
		SolutionGuid = {59BC73F5-AA04-4C86-BE25-494B739504CC}
	EndGlobalSection
EndGlobal
